
Microsoft Visual Studio Solution File, Format Version 12.00
# Visual Studio Version 17
VisualStudioVersion = 17.11.35312.102
MinimumVisualStudioVersion = 10.0.40219.1
Project("{FAE04EC0-301F-11D3-BF4B-00C04F79EFBC}") = "FinancalCrm", "FinancalCrm\FinancalCrm.csproj", "{6E56A64A-6D01-4D39-BAD0-992E3BB600A7}"
EndProject
Global
	GlobalSection(SolutionConfigurationPlatforms) = preSolution
		Debug|Any CPU = Debug|Any CPU
		Release|Any CPU = Release|Any CPU
	EndGlobalSection
	GlobalSection(ProjectConfigurationPlatforms) = postSolution
		{6E56A64A-6D01-4D39-BAD0-992E3BB600A7}.Debug|Any CPU.ActiveCfg = Debug|Any CPU
		{6E56A64A-6D01-4D39-BAD0-992E3BB600A7}.Debug|Any CPU.Build.0 = Debug|Any CPU
		{6E56A64A-6D01-4D39-BAD0-992E3BB600A7}.Release|Any CPU.ActiveCfg = Release|Any CPU
		{6E56A64A-6D01-4D39-BAD0-992E3BB600A7}.Release|Any CPU.Build.0 = Release|Any CPU
	EndGlobalSection
	GlobalSection(SolutionProperties) = preSolution
		HideSolutionNode = FALSE
	EndGlobalSection
	GlobalSection(ExtensibilityGlobals) = postSolution
		SolutionGuid = {80DD6CFE-9A3D-49A8-B70A-851A675AFDD4}
	EndGlobalSection
EndGlobal
